{
  "lockfileVersion": 1,
  "configVersion": 0,
  "workspaces": {
    "": {
      "name": "qwen-gate",
      "dependencies": {
        "@hono/node-server": "^2.0.3",
        "cloakbrowser": "^0.4.2",
        "cycletls": "^2.0.5",
        "dotenv": "^16.6.1",
        "hono": "^4.12.21",
        "playwright": "^1.60.0",
        "playwright-core": "^1.61.0",
        "zod": "^4.4.3",
      },
      "devDependencies": {
        "@biomejs/biome": "^2.5.0",
        "@types/bun": "^1.3.14",
        "@types/node": "^25.9.1",
        "knip": "^6.17.1",
        "oxlint": "^1.70.0",
        "tsx": "^4.22.3",
        "typescript": "^6.0.3",
      },
    },
  },
  "packages": {
    "@biomejs/biome": ["@biomejs/biome@2.5.0", "", { "optionalDependencies": { "@biomejs/cli-darwin-arm64": "2.5.0", "@biomejs/cli-darwin-x64": "2.5.0", "@biomejs/cli-linux-arm64": "2.5.0", "@biomejs/cli-linux-arm64-musl": "2.5.0", "@biomejs/cli-linux-x64": "2.5.0", "@biomejs/cli-linux-x64-musl": "2.5.0", "@biomejs/cli-win32-arm64": "2.5.0", "@biomejs/cli-win32-x64": "2.5.0" }, "bin": { "biome": "bin/biome" } }, "sha512-4kURkd9hAPrdDM3C9n82ycYgx8hvQcW6MjKTEejruj8rK0N8P3OPpdy8BvI8kt3KWY4ycF5XtDOrktetEfhfuw=="],

    "@biomejs/cli-darwin-arm64": ["@biomejs/cli-darwin-arm64@2.5.0", "", { "os": "darwin", "cpu": "arm64" }, "sha512-Mn3Fwi3SA5fgmfCPqmzpWF2DLZnms3BVAhM088nTnGrTZmHS3wwIjcoZPqpXeNgd3DrrLH6xp8vTLIBuJoZiXw=="],

    "@biomejs/cli-darwin-x64": ["@biomejs/cli-darwin-x64@2.5.0", "", { "os": "darwin", "cpu": "x64" }, "sha512-rg3VPL5P8mYro6pqlXYXuJWph21slVp3SZtAqWSrkZs40d2gTzYmHF8E/X1iTID25btmNKltNDJ926sqVBp7DQ=="],

    "@biomejs/cli-linux-arm64": ["@biomejs/cli-linux-arm64@2.5.0", "", { "os": "linux", "cpu": "arm64" }, "sha512-tl+LW8fdD96/xdeWtWwc82LIOc5CoY7N2AsogLTp5R4ECErYt+8Jl/N68ezN9vzSiqPTxw6vjcihoLPYKZHrlw=="],

    "@biomejs/cli-linux-arm64-musl": ["@biomejs/cli-linux-arm64-musl@2.5.0", "", { "os": "linux", "cpu": "arm64" }, "sha512-vQdM4oSGaf7ZNeGO9w5+Y8SBtyser9M6znxYbm7Ec8wInxJu1WiKxFYZW5Auj2d80bcVvefuGGRxoFOE0eee8g=="],

    "@biomejs/cli-linux-x64": ["@biomejs/cli-linux-x64@2.5.0", "", { "os": "linux", "cpu": "x64" }, "sha512-zpEGf4RQbFEh8Vt7OmavLyyOzRbtcE9osCqrS1kfvt8jDvxwhKXLSf7n0ebr/ov0RJ9ssP+lhs6C8a9WwFvrQA=="],

    "@biomejs/cli-linux-x64-musl": ["@biomejs/cli-linux-x64-musl@2.5.0", "", { "os": "linux", "cpu": "x64" }, "sha512-+9hIcMngJ+yGUahXqZuZ8CoWKJE9SAZsFsM3QDvXpNsLbXZ9lqVzgBhOk/jTSYkOA0GLP9eu3teukqpLUojHMg=="],

    "@biomejs/cli-win32-arm64": ["@biomejs/cli-win32-arm64@2.5.0", "", { "os": "win32", "cpu": "arm64" }, "sha512-jB0wAvTLI4itx5VidqVUejPQFhRUxiZ9l9FvZ26D5fl6t3qme+ZB4PD3bTSeL1vZ8NI2Rx/zj6H9zcESuGHKGw=="],

    "@biomejs/cli-win32-x64": ["@biomejs/cli-win32-x64@2.5.0", "", { "os": "win32", "cpu": "x64" }, "sha512-VT/lF+GId+67j8aDfLkxdxNoVApsPSTbyAtB3jJq0IWTrY77WXfbPfpngxq0bA6JCEv/7k8C9qWjDRKRznDlyw=="],

    "@emnapi/core": ["@emnapi/core@1.10.0", "", { "dependencies": { "@emnapi/wasi-threads": "1.2.1", "tslib": "^2.4.0" } }, "sha512-yq6OkJ4p82CAfPl0u9mQebQHKPJkY7WrIuk205cTYnYe+k2Z8YBh11FrbRG/H6ihirqcacOgl2BIO8oyMQLeXw=="],

    "@emnapi/runtime": ["@emnapi/runtime@1.10.0", "", { "dependencies": { "tslib": "^2.4.0" } }, "sha512-ewvYlk86xUoGI0zQRNq/mC+16R1QeDlKQy21Ki3oSYXNgLb45GV1P6A0M+/s6nyCuNDqe5VpaY84BzXGwVbwFA=="],

    "@emnapi/wasi-threads": ["@emnapi/wasi-threads@1.2.1", "", { "dependencies": { "tslib": "^2.4.0" } }, "sha512-uTII7OYF+/Mes/MrcIOYp5yOtSMLBWSIoLPpcgwipoiKbli6k322tcoFsxoIIxPDqW01SQGAgko4EzZi2BNv2w=="],

    "@esbuild/aix-ppc64": ["@esbuild/aix-ppc64@0.28.0", "", { "os": "aix", "cpu": "ppc64" }, "sha512-lhRUCeuOyJQURhTxl4WkpFTjIsbDayJHih5kZC1giwE+MhIzAb7mEsQMqMf18rHLsrb5qI1tafG20mLxEWcWlA=="],

    "@esbuild/android-arm": ["@esbuild/android-arm@0.28.0", "", { "os": "android", "cpu": "arm" }, "sha512-wqh0ByljabXLKHeWXYLqoJ5jKC4XBaw6Hk08OfMrCRd2nP2ZQ5eleDZC41XHyCNgktBGYMbqnrJKq/K/lzPMSQ=="],

    "@esbuild/android-arm64": ["@esbuild/android-arm64@0.28.0", "", { "os": "android", "cpu": "arm64" }, "sha512-+WzIXQOSaGs33tLEgYPYe/yQHf0WTU0X42Jca3y8NWMbUVhp7rUnw+vAsRC/QiDrdD31IszMrZy+qwPOPjd+rw=="],

    "@esbuild/android-x64": ["@esbuild/android-x64@0.28.0", "", { "os": "android", "cpu": "x64" }, "sha512-+VJggoaKhk2VNNqVL7f6S189UzShHC/mR9EE8rDdSkdpN0KflSwWY/gWjDrNxxisg8Fp1ZCD9jLMo4m0OUfeUA=="],

    "@esbuild/darwin-arm64": ["@esbuild/darwin-arm64@0.28.0", "", { "os": "darwin", "cpu": "arm64" }, "sha512-0T+A9WZm+bZ84nZBtk1ckYsOvyA3x7e2Acj1KdVfV4/2tdG4fzUp91YHx+GArWLtwqp77pBXVCPn2We7Letr0Q=="],

    "@esbuild/darwin-x64": ["@esbuild/darwin-x64@0.28.0", "", { "os": "darwin", "cpu": "x64" }, "sha512-fyzLm/DLDl/84OCfp2f/XQ4flmORsjU7VKt8HLjvIXChJoFFOIL6pLJPH4Yhd1n1gGFF9mPwtlN5Wf82DZs+LQ=="],

    "@esbuild/freebsd-arm64": ["@esbuild/freebsd-arm64@0.28.0", "", { "os": "freebsd", "cpu": "arm64" }, "sha512-l9GeW5UZBT9k9brBYI+0WDffcRxgHQD8ShN2Ur4xWq/NFzUKm3k5lsH4PdaRgb2w7mI9u61nr2gI2mLI27Nh3Q=="],

    "@esbuild/freebsd-x64": ["@esbuild/freebsd-x64@0.28.0", "", { "os": "freebsd", "cpu": "x64" }, "sha512-BXoQai/A0wPO6Es3yFJ7APCiKGc1tdAEOgeTNy3SsB491S3aHn4S4r3e976eUnPdU+NbdtmBuLncYir2tMU9Nw=="],

    "@esbuild/linux-arm": ["@esbuild/linux-arm@0.28.0", "", { "os": "linux", "cpu": "arm" }, "sha512-CjaaREJagqJp7iTaNQjjidaNbCKYcd4IDkzbwwxtSvjI7NZm79qiHc8HqciMddQ6CKvJT6aBd8lO9kN/ZudLlw=="],

    "@esbuild/linux-arm64": ["@esbuild/linux-arm64@0.28.0", "", { "os": "linux", "cpu": "arm64" }, "sha512-RVyzfb3FWsGA55n6WY0MEIEPURL1FcbhFE6BffZEMEekfCzCIMtB5yyDcFnVbTnwk+CLAgTujmV/Lgvih56W+A=="],

    "@esbuild/linux-ia32": ["@esbuild/linux-ia32@0.28.0", "", { "os": "linux", "cpu": "ia32" }, "sha512-KBnSTt1kxl9x70q+ydterVdl+Cn0H18ngRMRCEQfrbqdUuntQQ0LoMZv47uB97NljZFzY6HcfqEZ2SAyIUTQBQ=="],

    "@esbuild/linux-loong64": ["@esbuild/linux-loong64@0.28.0", "", { "os": "linux", "cpu": "none" }, "sha512-zpSlUce1mnxzgBADvxKXX5sl8aYQHo2ezvMNI8I0lbblJtp8V4odlm3Yzlj7gPyt3T8ReksE6bK+pT3WD+aJRg=="],

    "@esbuild/linux-mips64el": ["@esbuild/linux-mips64el@0.28.0", "", { "os": "linux", "cpu": "none" }, "sha512-2jIfP6mmjkdmeTlsX/9vmdmhBmKADrWqN7zcdtHIeNSCH1SqIoNI63cYsjQR8J+wGa4Y5izRcSHSm8K3QWmk3w=="],

    "@esbuild/linux-ppc64": ["@esbuild/linux-ppc64@0.28.0", "", { "os": "linux", "cpu": "ppc64" }, "sha512-bc0FE9wWeC0WBm49IQMPSPILRocGTQt3j5KPCA8os6VprfuJ7KD+5PzESSrJ6GmPIPJK965ZJHTUlSA6GNYEhg=="],

    "@esbuild/linux-riscv64": ["@esbuild/linux-riscv64@0.28.0", "", { "os": "linux", "cpu": "none" }, "sha512-SQPZOwoTTT/HXFXQJG/vBX8sOFagGqvZyXcgLA3NhIqcBv1BJU1d46c0rGcrij2B56Z2rNiSLaZOYW5cUk7yLQ=="],

    "@esbuild/linux-s390x": ["@esbuild/linux-s390x@0.28.0", "", { "os": "linux", "cpu": "s390x" }, "sha512-SCfR0HN8CEEjnYnySJTd2cw0k9OHB/YFzt5zgJEwa+wL/T/raGWYMBqwDNAC6dqFKmJYZoQBRfHjgwLHGSrn3Q=="],

    "@esbuild/linux-x64": ["@esbuild/linux-x64@0.28.0", "", { "os": "linux", "cpu": "x64" }, "sha512-us0dSb9iFxIi8srnpl931Nvs65it/Jd2a2K3qs7fz2WfGPHqzfzZTfec7oxZJRNPXPnNYZtanmRc4AL/JwVzHQ=="],

    "@esbuild/netbsd-arm64": ["@esbuild/netbsd-arm64@0.28.0", "", { "os": "none", "cpu": "arm64" }, "sha512-CR/RYotgtCKwtftMwJlUU7xCVNg3lMYZ0RzTmAHSfLCXw3NtZtNpswLEj/Kkf6kEL3Gw+BpOekRX0BYCtklhUw=="],

    "@esbuild/netbsd-x64": ["@esbuild/netbsd-x64@0.28.0", "", { "os": "none", "cpu": "x64" }, "sha512-nU1yhmYutL+fQ71Kxnhg8uEOdC0pwEW9entHykTgEbna2pw2dkbFSMeqjjyHZoCmt8SBkOSvV+yNmm94aUrrqw=="],

    "@esbuild/openbsd-arm64": ["@esbuild/openbsd-arm64@0.28.0", "", { "os": "openbsd", "cpu": "arm64" }, "sha512-cXb5vApOsRsxsEl4mcZ1XY3D4DzcoMxR/nnc4IyqYs0rTI8ZKmW6kyyg+11Z8yvgMfAEldKzP7AdP64HnSC/6g=="],

    "@esbuild/openbsd-x64": ["@esbuild/openbsd-x64@0.28.0", "", { "os": "openbsd", "cpu": "x64" }, "sha512-8wZM2qqtv9UP3mzy7HiGYNH/zjTA355mpeuA+859TyR+e+Tc08IHYpLJuMsfpDJwoLo1ikIJI8jC3GFjnRClzA=="],

    "@esbuild/openharmony-arm64": ["@esbuild/openharmony-arm64@0.28.0", "", { "os": "none", "cpu": "arm64" }, "sha512-FLGfyizszcef5C3YtoyQDACyg95+dndv79i2EekILBofh5wpCa1KuBqOWKrEHZg3zrL3t5ouE5jgr94vA+Wb2w=="],

    "@esbuild/sunos-x64": ["@esbuild/sunos-x64@0.28.0", "", { "os": "sunos", "cpu": "x64" }, "sha512-1ZgjUoEdHZZl/YlV76TSCz9Hqj9h9YmMGAgAPYd+q4SicWNX3G5GCyx9uhQWSLcbvPW8Ni7lj4gDa1T40akdlw=="],

    "@esbuild/win32-arm64": ["@esbuild/win32-arm64@0.28.0", "", { "os": "win32", "cpu": "arm64" }, "sha512-Q9StnDmQ/enxnpxCCLSg0oo4+34B9TdXpuyPeTedN/6+iXBJ4J+zwfQI28u/Jl40nOYAxGoNi7mFP40RUtkmUA=="],

    "@esbuild/win32-ia32": ["@esbuild/win32-ia32@0.28.0", "", { "os": "win32", "cpu": "ia32" }, "sha512-zF3ag/gfiCe6U2iczcRzSYJKH1DCI+ByzSENHlM2FcDbEeo5Zd2C86Aq0tKUYAJJ1obRP84ymxIAksZUcdztHA=="],

    "@esbuild/win32-x64": ["@esbuild/win32-x64@0.28.0", "", { "os": "win32", "cpu": "x64" }, "sha512-pEl1bO9mfAmIC+tW5btTmrKaujg3zGtUmWNdCw/xs70FBjwAL3o9OEKNHvNmnyylD6ubxUERiEhdsL0xBQ9efw=="],

    "@hono/node-server": ["@hono/node-server@2.0.3", "", { "peerDependencies": { "hono": "^4" } }, "sha512-a0jV+/HRe3G5zjFID3zObAQFdkl6zpxTuqktdDDXS3MJKcrZIkB8OkLpNBlY/WXFqv2HF4a0takPej+aNFczWA=="],

    "@isaacs/fs-minipass": ["@isaacs/fs-minipass@4.0.1", "", { "dependencies": { "minipass": "^7.0.4" } }, "sha512-wgm9Ehl2jpeqP3zw/7mo3kRHFp5MEDhqAdwy1fTGkHAwnkGOVsgpvQhL8B5n1qlb01jV3n/bI0ZfZp5lWA1k4w=="],

    "@napi-rs/wasm-runtime": ["@napi-rs/wasm-runtime@1.1.5", "", { "dependencies": { "@tybys/wasm-util": "^0.10.2" }, "peerDependencies": { "@emnapi/core": "^1.7.1", "@emnapi/runtime": "^1.7.1" } }, "sha512-AWPoBRJ9tsnVhor4sjO7rkni+7p+2IAEFj6cx06UgP10jkQHqay/36uRV/bFkgrh18D9vb4cr8Q0Pthskgzy+Q=="],

    "@oxc-parser/binding-android-arm-eabi": ["@oxc-parser/binding-android-arm-eabi@0.135.0", "", { "os": "android", "cpu": "arm" }, "sha512-sHeZItACNcA5WRAWqF6ixriR4GkZDyY10gVgnZU7pXku1DjHFATSqnwZM809jl0gXPHxb6fKzYQCK7bNK5cACQ=="],

    "@oxc-parser/binding-android-arm64": ["@oxc-parser/binding-android-arm64@0.135.0", "", { "os": "android", "cpu": "arm64" }, "sha512-wPte+SzgzWWFgMSF8YZDNM+tBXtJg0AXBi7+tU3yS2z1f2Af9kRLZLKuJojADmuD/cZexmnMHHC3SDItTW77Iw=="],

    "@oxc-parser/binding-darwin-arm64": ["@oxc-parser/binding-darwin-arm64@0.135.0", "", { "os": "darwin", "cpu": "arm64" }, "sha512-BmKz3lHIsqVos+9aPcdYCT9MG3APoUyM43KlEFhJMWNVDOGG8FKyiFz81Bc+mGz2o0hpuQ3PfXLfVWJrKXjo2g=="],

    "@oxc-parser/binding-darwin-x64": ["@oxc-parser/binding-darwin-x64@0.135.0", "", { "os": "darwin", "cpu": "x64" }, "sha512-dM8BS+8+Br1fNvmh2QZbGiHaYttwLebRa6J4Uz9vuFzMNmvsdRYwf7993ptOaV0JTrR63AaoVLjX7nhWbijxjQ=="],

    "@oxc-parser/binding-freebsd-x64": ["@oxc-parser/binding-freebsd-x64@0.135.0", "", { "os": "freebsd", "cpu": "x64" }, "sha512-xlZnvvJdR9bGu2pOhvR5hMuKPHCE6Sa9owK5A484mzjHdm75VRV5nCs5w/jkmGODMMTFc+KN7EnZqEieM813kw=="],

    "@oxc-parser/binding-linux-arm-gnueabihf": ["@oxc-parser/binding-linux-arm-gnueabihf@0.135.0", "", { "os": "linux", "cpu": "arm" }, "sha512-PSR8LmBK/H/PQRiN8g7RebQgZX/ntVCrdT/JBfNxE5ezdHG1s2i4rbazsRJYD83TTI1MmgTpC0MGL42PLtskQQ=="],

    "@oxc-parser/binding-linux-arm-musleabihf": ["@oxc-parser/binding-linux-arm-musleabihf@0.135.0", "", { "os": "linux", "cpu": "arm" }, "sha512-I85GJXzfUsigkkk7Ngdz95C217M4FdUi1Z2HrX5UyPmURobwQZ7m2bbUvwFkz4VGZd+lymFGKHvDZ3RQC9qOzA=="],

    "@oxc-parser/binding-linux-arm64-gnu": ["@oxc-parser/binding-linux-arm64-gnu@0.135.0", "", { "os": "linux", "cpu": "arm64" }, "sha512-zqEY0npz0g0aGZj/8a5BclunjVDytsBQHYtIC10Gd26HcrLwbVF6YDbqRQjunMGYdSo97u6xOBl05aTDI2diDQ=="],

    "@oxc-parser/binding-linux-arm64-musl": ["@oxc-parser/binding-linux-arm64-musl@0.135.0", "", { "os": "linux", "cpu": "arm64" }, "sha512-mWAfprP819gQ2qYst1RxgTI8b/z0b29OpoKfRflIXLHde2dZLihQD4g47Onuvtpo5GPIkMYPRlX9QoeZfs/GnQ=="],

    "@oxc-parser/binding-linux-ppc64-gnu": ["@oxc-parser/binding-linux-ppc64-gnu@0.135.0", "", { "os": "linux", "cpu": "ppc64" }, "sha512-gri8c2AOmJKJwOux2KTHFBfUaXoJURuVMKhmKEi/2hTF55cQteTDV2XNfTiE5oCC+Tnem1Y4/MWzcyDadtsSag=="],

    "@oxc-parser/binding-linux-riscv64-gnu": ["@oxc-parser/binding-linux-riscv64-gnu@0.135.0", "", { "os": "linux", "cpu": "none" }, "sha512-Y2tkupCG5wo0SxH2rMLG4d4Kmv6DaM3sBp+GuM5lox0S8Za6VxKgQrY2Mut088QQxKkEE89n/4CCCgmw2o0e3Q=="],

    "@oxc-parser/binding-linux-riscv64-musl": ["@oxc-parser/binding-linux-riscv64-musl@0.135.0", "", { "os": "linux", "cpu": "none" }, "sha512-xDRJq6i6WTynjeP+ISbDpyH4p9BaJ0wuQcL0lCSDkt9qOXC9dmwpOu1VG/TlwmPI3KpYntmO9nJCuc3TMTsNBA=="],

    "@oxc-parser/binding-linux-s390x-gnu": ["@oxc-parser/binding-linux-s390x-gnu@0.135.0", "", { "os": "linux", "cpu": "s390x" }, "sha512-V4MoUuiCRNvihxhIufRxvK+ka013V4joTSK0FAGA1KEjLuNprfH6N/Qw2uxQEVIFuNYMhD/hV6xJ/ptbzlKdHg=="],

    "@oxc-parser/binding-linux-x64-gnu": ["@oxc-parser/binding-linux-x64-gnu@0.135.0", "", { "os": "linux", "cpu": "x64" }, "sha512-JCFZ7zM7KXOKoPAbK/ZB4wY0M1jxRECiem2UQuiXLjzGqS9+hno7mtX+qyK2F7HWK2xPhyJb+frpcOtk5DKOtg=="],

    "@oxc-parser/binding-linux-x64-musl": ["@oxc-parser/binding-linux-x64-musl@0.135.0", "", { "os": "linux", "cpu": "x64" }, "sha512-9jSVS1b3hOV7sdKH4aA2DFfnTz0RgQd0v2BefR+LYbH8yIlmSM22JJZbAAjVeVXmFgUAk3zJQ1tpE/Nd+Vi2YQ=="],

    "@oxc-parser/binding-openharmony-arm64": ["@oxc-parser/binding-openharmony-arm64@0.135.0", "", { "os": "none", "cpu": "arm64" }, "sha512-M857ZLBSdn1Uy/SJJz5zh0qGu67B4P9omCgXGBU2LLqTzraX6ZjVNaKq5yW1PDw/LgJXDXR/dbZfgmB310f11Q=="],

    "@oxc-parser/binding-wasm32-wasi": ["@oxc-parser/binding-wasm32-wasi@0.135.0", "", { "dependencies": { "@emnapi/core": "1.10.0", "@emnapi/runtime": "1.10.0", "@napi-rs/wasm-runtime": "^1.1.4" }, "cpu": "none" }, "sha512-2w6DVcntQZX9U5RhXtgiWb3FLWFB5EcwI1U8yr3htOCJUJjagN4BFUHz/Y/d9ZsumndZ6ByxxWEtbUZNE1bfFw=="],

    "@oxc-parser/binding-win32-arm64-msvc": ["@oxc-parser/binding-win32-arm64-msvc@0.135.0", "", { "os": "win32", "cpu": "arm64" }, "sha512-rX1U8+IH2Z37EJjDXKa1iifvUQAdba+vZ4Ewj1iaG5eA/QaSybzclCOwtWa0/5BuUQnnK/T2JHUEFrwhL6Ck2Q=="],

    "@oxc-parser/binding-win32-ia32-msvc": ["@oxc-parser/binding-win32-ia32-msvc@0.135.0", "", { "os": "win32", "cpu": "ia32" }, "sha512-9FAisBbH1QICGAjlJobiuKGd/jOuVmyqniWdQMwTa5SkCl6hhuotBCJf1n46B0flYbSOR5TzfV9HZCWSyb3c/Q=="],

    "@oxc-parser/binding-win32-x64-msvc": ["@oxc-parser/binding-win32-x64-msvc@0.135.0", "", { "os": "win32", "cpu": "x64" }, "sha512-wYF+A2AzJ2n7ul6q+Z2G/ia0S2+8cUp0AgWZzoFvF4WmUcl1P7p+o6se1Gdr5wGnWuF0iAMIkGddrjCarNr2yA=="],

    "@oxc-project/types": ["@oxc-project/types@0.135.0", "", {}, "sha512-wR+xRdFkUBMvcAjBJ2q2kcZM6d+DKu2NgoOyxZgYwZdLhmiv6+rnO8PZ/P68kMiZtIKm+pW7zyEJ4kSOs0vo+Q=="],

    "@oxc-resolver/binding-android-arm-eabi": ["@oxc-resolver/binding-android-arm-eabi@11.20.0", "", { "os": "android", "cpu": "arm" }, "sha512-IjfWOXRgJFNdORDl+Uf1aibNgZY2guOD3zmOhx1BGVb/MIiqlFTdmjpQNplSN58lhWehnX4UNqC3QwpUo8pjJg=="],

    "@oxc-resolver/binding-android-arm64": ["@oxc-resolver/binding-android-arm64@11.20.0", "", { "os": "android", "cpu": "arm64" }, "sha512-QqslZAuFQG8Q9xm7JuIn8JUbvywhSBMVhuQHtYW+auirZJloS41oxUUaBXk7uUhZJgp44c5zQLeVvmFaDQB+2Q=="],

    "@oxc-resolver/binding-darwin-arm64": ["@oxc-resolver/binding-darwin-arm64@11.20.0", "", { "os": "darwin", "cpu": "arm64" }, "sha512-MUcavykj2ewlR+kc5arpg4tC2RvzJkUxWtNv74pf7lcNk00GpIpN43vXMj+j6r4eMmfZhlb8hueKoIb8e9kAGQ=="],

    "@oxc-resolver/binding-darwin-x64": ["@oxc-resolver/binding-darwin-x64@11.20.0", "", { "os": "darwin", "cpu": "x64" }, "sha512-BGB16nRUK5Etiv//ihPyzj8Lj1px0mhh4YIfe0FDf045ywknfSm0GEbiRESpr6Q4K82AvnyaRIhhluHByvS4bg=="],

    "@oxc-resolver/binding-freebsd-x64": ["@oxc-resolver/binding-freebsd-x64@11.20.0", "", { "os": "freebsd", "cpu": "x64" }, "sha512-JZgtePaqj3qmD5XFHJaSLWzHRxQu0LaPkdoM1KJXYADvAaa83ijXHclV3ej3CueeW0wxfIAbGCZVP45J0CA7uQ=="],

    "@oxc-resolver/binding-linux-arm-gnueabihf": ["@oxc-resolver/binding-linux-arm-gnueabihf@11.20.0", "", { "os": "linux", "cpu": "arm" }, "sha512-hOQ/p3ry3v3SchUBXicrrnszaI/UmYzM4wtS4RGfwgVUX7a+HbyQSzJ5aOzu+o6XZkFkS3ZXN4PZAzhOb77OSg=="],

    "@oxc-resolver/binding-linux-arm-musleabihf": ["@oxc-resolver/binding-linux-arm-musleabihf@11.20.0", "", { "os": "linux", "cpu": "arm" }, "sha512-2ArPksaw0AqeuGBfoS715VF+JvJQAhD2niWgjE5hVO+L+nAfikVQopvngCMX9x4BD8itWoQ3dnikrQyl5Ho5Jg=="],

    "@oxc-resolver/binding-linux-arm64-gnu": ["@oxc-resolver/binding-linux-arm64-gnu@11.20.0", "", { "os": "linux", "cpu": "arm64" }, "sha512-0bJnmYFp62JdZ4nVMDUZ/C58BCZOCcqgKtnUlp7L9Ojf/czIN+3j72YlLPeWLkzlr6SlYvIQA4SGV/HyO0d+qg=="],

    "@oxc-resolver/binding-linux-arm64-musl": ["@oxc-resolver/binding-linux-arm64-musl@11.20.0", "", { "os": "linux", "cpu": "arm64" }, "sha512-wKHHzPKZo7Ufhv/Bt6yxT7FOgnIgW4gwXcJUipkShGp68W3wGVqvr1Sr0fY65lN0Oy6y41+g2kIDvkgZaMMUkw=="],

    "@oxc-resolver/binding-linux-ppc64-gnu": ["@oxc-resolver/binding-linux-ppc64-gnu@11.20.0", "", { "os": "linux", "cpu": "ppc64" }, "sha512-RN8goF7Ie0B79L4i4G6OeBocTgSC56vJbQ65VJje+oXnldVpLnOU7j/AQ/dP94TcCS+Yh6WG8u3Qt4ETteXFNQ=="],

    "@oxc-resolver/binding-linux-riscv64-gnu": ["@oxc-resolver/binding-linux-riscv64-gnu@11.20.0", "", { "os": "linux", "cpu": "none" }, "sha512-5l1yU6/xQEqLZRzxqmMxJfWPslpwCmBsdDGaBvABPehxquCXDC7dd7oraNdKSJUMDXSM7VvVj8H2D2FTjU7oWw=="],

    "@oxc-resolver/binding-linux-riscv64-musl": ["@oxc-resolver/binding-linux-riscv64-musl@11.20.0", "", { "os": "linux", "cpu": "none" }, "sha512-xHEvkbgz6UC+A3JOyDQy76LkUaxsNSfIr3/GV8slwZsnuooJiIB34gzJfsyvR4JdCYNUUPsRJc/w/oWkODu+hg=="],

    "@oxc-resolver/binding-linux-s390x-gnu": ["@oxc-resolver/binding-linux-s390x-gnu@11.20.0", "", { "os": "linux", "cpu": "s390x" }, "sha512-aWPDUUmSeyHvlW+SoEUd+JIJsQhVhu6a5tBpDRMu058naPAchTgAVGCFy35zjbnFlt0i8hLWziff6HX0D3LU4g=="],

    "@oxc-resolver/binding-linux-x64-gnu": ["@oxc-resolver/binding-linux-x64-gnu@11.20.0", "", { "os": "linux", "cpu": "x64" }, "sha512-x2YeSimvhJjKLVD8KSu8f/rqU1potcdEMkApIPJqjZWN7c2Fpt4g2X32WDg1p+XDAmyT7nuQGe0vnhvXeLbH+g=="],

    "@oxc-resolver/binding-linux-x64-musl": ["@oxc-resolver/binding-linux-x64-musl@11.20.0", "", { "os": "linux", "cpu": "x64" }, "sha512-kcRLEIxpZefeYfLChjpgFf3ilBzRDZ+yobMrpRsQlSrxuFGtm3U6PMU7AaEpMqo3NfDGVyJJseAjnRLzMFHjwQ=="],

    "@oxc-resolver/binding-openharmony-arm64": ["@oxc-resolver/binding-openharmony-arm64@11.20.0", "", { "os": "none", "cpu": "arm64" }, "sha512-HHcfnApSZGtKhTiHqe8OZruOZe5XuFQH5/E0Yhj3u8fnFvzkM4/k6WjacUf4SvA0SPEAbfbgYmVPuo0VX/fIBQ=="],

    "@oxc-resolver/binding-wasm32-wasi": ["@oxc-resolver/binding-wasm32-wasi@11.20.0", "", { "dependencies": { "@emnapi/core": "1.10.0", "@emnapi/runtime": "1.10.0", "@napi-rs/wasm-runtime": "^1.1.4" }, "cpu": "none" }, "sha512-Tn0y1XOFYHNfK1wp1Z5QK8Rcld/bsOwRISQXfqAZ5IBpv8Gz1IvV39fUWNprqNdRizgcvFhOzWwFun2zkJsyBg=="],

    "@oxc-resolver/binding-win32-arm64-msvc": ["@oxc-resolver/binding-win32-arm64-msvc@11.20.0", "", { "os": "win32", "cpu": "arm64" }, "sha512-qPi25YNPe4YenS8MgsQU2+bIFHxxpLx1LVna2444cEHqNPhNjvWf9zqj4aWE43H9LpAsTmkkAlA3eL5ElBU3mA=="],

    "@oxc-resolver/binding-win32-x64-msvc": ["@oxc-resolver/binding-win32-x64-msvc@11.20.0", "", { "os": "win32", "cpu": "x64" }, "sha512-Wb14jWEW8huH6It9F6sXd9vrYmIS7pMrgkU6sxpLxkP+9z+wRgs71hUEhRpcn8FOXAFa27FVWfY2tRpbfTzfLw=="],

    "@oxlint/binding-android-arm-eabi": ["@oxlint/binding-android-arm-eabi@1.70.0", "", { "os": "android", "cpu": "arm" }, "sha512-zFh0P4cswmRvw6nkyb89dr18rRanuaCPAsEXsFDoQY8WdaquI8Pt4NWFjaMJg6L23cy5NeN8J9cBnREbWzZhaw=="],

    "@oxlint/binding-android-arm64": ["@oxlint/binding-android-arm64@1.70.0", "", { "os": "android", "cpu": "arm64" }, "sha512-qI8o4HZjeGiBrWv+pJv4lH0Yi2Gl/JSp/EumBUApezJprIKa5PS4nU0lQsQngtky8k+SplQIOjv6hwu0SSxeyg=="],

    "@oxlint/binding-darwin-arm64": ["@oxlint/binding-darwin-arm64@1.70.0", "", { "os": "darwin", "cpu": "arm64" }, "sha512-8KjgVVHI5F9nVwHCRwwA78Ty7zNKP4Wd9OeN5PSv3iu/F/u1RVXoOCgLhWqust6HmwQG6xc8c+RCyaWENy24+w=="],

    "@oxlint/binding-darwin-x64": ["@oxlint/binding-darwin-x64@1.70.0", "", { "os": "darwin", "cpu": "x64" }, "sha512-WVydssv5PSUBXFJTdNBWlmGkbNmvPGaFt/2SUT/EZRB6bq6bEOHmMlbnupZD5jmlEvi9+mZJHi8TCw15lyfSfQ=="],

    "@oxlint/binding-freebsd-x64": ["@oxlint/binding-freebsd-x64@1.70.0", "", { "os": "freebsd", "cpu": "x64" }, "sha512-hJucmUf8OlinHNb1R7fI4Fw6WsAstOz7i8nmkWQfiHoZXtbufNm+MxiDTIMk1ggh2Ro4vLzgQ+bKvRY54MZoRA=="],

    "@oxlint/binding-linux-arm-gnueabihf": ["@oxlint/binding-linux-arm-gnueabihf@1.70.0", "", { "os": "linux", "cpu": "arm" }, "sha512-1BnS7wbCYDSXwWzJJ+mc3NURoha6m6m6RT5c6vgAY3oz7C3OVXP+S0awo2mRq97arrJkVvO3qRQfyAHL+76xtQ=="],

    "@oxlint/binding-linux-arm-musleabihf": ["@oxlint/binding-linux-arm-musleabihf@1.70.0", "", { "os": "linux", "cpu": "arm" }, "sha512-yKy/UdbR55+M2yEcuiV5DCNC/gdQAjr/GioUy50QwBzSrKm8ueWADqyRLS9Xk+qjNeCYGg6A8FvUBds56ttfqg=="],

    "@oxlint/binding-linux-arm64-gnu": ["@oxlint/binding-linux-arm64-gnu@1.70.0", "", { "os": "linux", "cpu": "arm64" }, "sha512-0A5XJ4alvmqFUFP/4oYSyaO+qLto/HrKEWTSaegiVl+HOufFngK2BjYw9x4RbwBt/du5QG6l5q1zeWiJYYG5yg=="],

    "@oxlint/binding-linux-arm64-musl": ["@oxlint/binding-linux-arm64-musl@1.70.0", "", { "os": "linux", "cpu": "arm64" }, "sha512-JiylyurlB0CLSedNtx1gzv3FvfWPF1h/2Y3BJszPLNt5XQFlBsH5ke0Jle3iJb3uqu5m2e7A/DwzpuCAHdiU+A=="],

    "@oxlint/binding-linux-ppc64-gnu": ["@oxlint/binding-linux-ppc64-gnu@1.70.0", "", { "os": "linux", "cpu": "ppc64" }, "sha512-J8VPG7I3/HmgaU4u8pNU2kFx2+0U+vPLS1dXFxXOaR/2TQ0f8AC7DRz0SRGRI1bfphnX2hVYTTtLuhL4nYKL+Q=="],

    "@oxlint/binding-linux-riscv64-gnu": ["@oxlint/binding-linux-riscv64-gnu@1.70.0", "", { "os": "linux", "cpu": "none" }, "sha512-N2+4lV2KLN+oXTIIIwmWDhwkrnvqf5oX7Hw0zPjk+RuIVgiBQSOlJWF7uQoFx2siEYX0ZQ5cfSbEAHm+J3t7Wg=="],

    "@oxlint/binding-linux-riscv64-musl": ["@oxlint/binding-linux-riscv64-musl@1.70.0", "", { "os": "linux", "cpu": "none" }, "sha512-1e2L7cFCvx9QDzq6NPP+0tABKb5z6nWHyddWTNKprEsjO9xNrAtPowuCGpjNXxkTdsMiZ4jc8YQ5SstZd4XK6g=="],

    "@oxlint/binding-linux-s390x-gnu": ["@oxlint/binding-linux-s390x-gnu@1.70.0", "", { "os": "linux", "cpu": "s390x" }, "sha512-Kwu/l/8GcYibCWA9m9N5pRXMIKVSsL/YbgpLzYkqDhWTiqdRfnNJ/+nqIKRKQiFbHWsdlHEhzMwruJK+qcEruA=="],

    "@oxlint/binding-linux-x64-gnu": ["@oxlint/binding-linux-x64-gnu@1.70.0", "", { "os": "linux", "cpu": "x64" }, "sha512-tap04CsHYOl0nSAQJfPNIuBxqEPB2HnhQqwaOXLg1jnp2XfRo8Fa814dA4QC4zpvTWXCjAAaCY1W5LOORkEQuQ=="],

    "@oxlint/binding-linux-x64-musl": ["@oxlint/binding-linux-x64-musl@1.70.0", "", { "os": "linux", "cpu": "x64" }, "sha512-hzJa/WgvtJpbBD9rgfy0qe+MjbxOXNUT0bfR1S6EQQzfTtBFA9xg5q8KSwRrQ2QfSS+TaP4j+4mVPQrfNc6UNg=="],

    "@oxlint/binding-openharmony-arm64": ["@oxlint/binding-openharmony-arm64@1.70.0", "", { "os": "none", "cpu": "arm64" }, "sha512-xbsaNSNzVSnaJACCUYr1HQMyY/Q/Q1LkePmHG3UvZPvGCYGNxrsZp9OmtA6ick8xH47ltRRbRrPCM1YXYcyC+A=="],

    "@oxlint/binding-win32-arm64-msvc": ["@oxlint/binding-win32-arm64-msvc@1.70.0", "", { "os": "win32", "cpu": "arm64" }, "sha512-icAEsUI7JbW1TMRdEXV83mVAInhRVQYuuAlPpxdGwJ95chNdnCzjloRW8GglT0WvzOEZSio6fnYSk2DJ2Hv7LQ=="],

    "@oxlint/binding-win32-ia32-msvc": ["@oxlint/binding-win32-ia32-msvc@1.70.0", "", { "os": "win32", "cpu": "ia32" }, "sha512-FHMSWbVsPVs/f+Jcl04ws4JJ2wUnauyTzlpxWRG/lSO/8GpX08Fo2gQZqdA6CrRFI+zvkxl+N/KwJGWfUwYVZA=="],

    "@oxlint/binding-win32-x64-msvc": ["@oxlint/binding-win32-x64-msvc@1.70.0", "", { "os": "win32", "cpu": "x64" }, "sha512-ptOlKwCz7n4AKs5VweMqG6DAg677FmKOK+vBkkL9DMNgFATIQ+upqUYBTOEwRQyRAx1ncGlPlXleV2hIcm3z4g=="],

    "@tybys/wasm-util": ["@tybys/wasm-util@0.10.2", "", { "dependencies": { "tslib": "^2.4.0" } }, "sha512-RoBvJ2X0wuKlWFIjrwffGw1IqZHKQqzIchKaadZZfnNpsAYp2mM0h36JtPCjNDAHGgYez/15uMBpfGwchhiMgg=="],

    "@types/bun": ["@types/bun@1.3.14", "", { "dependencies": { "bun-types": "1.3.14" } }, "sha512-h1hFqFVcvAvD9j9K7ZW7vd82aSA+rTdznZa+5bwvCwqSB1jmmfLcbIWhOLx1/+boy/xmjgCs/OMUL8hRJSmnPw=="],

    "@types/node": ["@types/node@25.9.1", "", { "dependencies": { "undici-types": ">=7.24.0 <7.24.7" } }, "sha512-xfrlY7UD5rMJk3ZVJP8BNzS28J36YJg+xp+LPXV1TdWxr8uMH5A860QNxYDGQe/ylDSgjxE52Q9VnO7p75tJxg=="],

    "asynckit": ["asynckit@0.4.0", "", {}, "sha512-Oei9OH4tRh0YqU3GxhX79dM/mwVgvbZJaSNaRk+bshkj0S5cfHcgYakreBjrHwatXKbz+IoIdYLxrKim2MjW0Q=="],

    "bun-types": ["bun-types@1.3.14", "", { "dependencies": { "@types/node": "*" } }, "sha512-4N0ig0fEomHt5R0KCFWjovxow98rIoRwKolrYdCcknNwMekCXRnWEUvgu5soYV8QXtVsrUD8B95MBOZGPvr6KQ=="],

    "call-bind-apply-helpers": ["call-bind-apply-helpers@1.0.2", "", { "dependencies": { "es-errors": "^1.3.0", "function-bind": "^1.1.2" } }, "sha512-Sp1ablJ0ivDkSzjcaJdxEunN5/XvksFJ2sMBFfq6x0ryhQV/2b/KwFe21cMpmHtPOSij8K99/wSfoEuTObmuMQ=="],

    "chownr": ["chownr@3.0.0", "", {}, "sha512-+IxzY9BZOQd/XuYPRmrvEVjF/nqj5kgT4kEq7VofrDoM1MxoRjEWkrCC3EtLi59TVawxTAn+orJwFQcrqEN1+g=="],

    "cloakbrowser": ["cloakbrowser@0.4.2", "", { "dependencies": { "tar": "^7.0.0" }, "peerDependencies": { "mmdb-lib": ">=2.0.0", "playwright-core": ">=1.53.0", "puppeteer-core": ">=21.0.0", "socks-proxy-agent": ">=10.0.0" }, "optionalPeers": ["mmdb-lib", "playwright-core", "puppeteer-core", "socks-proxy-agent"], "bin": { "cloakbrowser": "dist/cli.js" } }, "sha512-PwXXx3L4pIFuGJtRD00eWb67HxylLEDeAAvINp//s5abcb5gACnvmzSGCzS4/5bUSSNKSJIfnPKprP3VFNJIeQ=="],

    "combined-stream": ["combined-stream@1.0.8", "", { "dependencies": { "delayed-stream": "~1.0.0" } }, "sha512-FQN4MRfuJeHf7cBbBMJFXhKSDq+2kAArBlmRBvcvFE5BB1HZKXtSFASDhdlz9zOYwxh8lDdnvmMOe/+5cdoEdg=="],

    "cycletls": ["cycletls@2.0.5", "", { "dependencies": { "@types/node": "^20.14.0", "form-data": "^4.0.0", "ws": "^8.17.0" } }, "sha512-Nud94JBPZu1JTXWJ1GpIoQNR1xxU84WYt7G0dxzwpUe1xAAs6YbihvlQhIhPv9xljjonINJfWPFaeb8Ex1wLhQ=="],

    "delayed-stream": ["delayed-stream@1.0.0", "", {}, "sha512-ZySD7Nf91aLB0RxL4KGrKHBXl7Eds1DAmEdcoVawXnLD7SDhpNgtuII2aAkg7a7QS41jxPSZ17p4VdGnMHk3MQ=="],

    "dotenv": ["dotenv@16.6.1", "", {}, "sha512-uBq4egWHTcTt33a72vpSG0z3HnPuIl6NqYcTrKEg2azoEyl2hpW0zqlxysq2pK9HlDIHyHyakeYaYnSAwd8bow=="],

    "dunder-proto": ["dunder-proto@1.0.1", "", { "dependencies": { "call-bind-apply-helpers": "^1.0.1", "es-errors": "^1.3.0", "gopd": "^1.2.0" } }, "sha512-KIN/nDJBQRcXw0MLVhZE9iQHmG68qAVIBg9CqmUYjmQIhgij9U5MFvrqkUL5FbtyyzZuOeOt0zdeRe4UY7ct+A=="],

    "es-define-property": ["es-define-property@1.0.1", "", {}, "sha512-e3nRfgfUZ4rNGL232gUgX06QNyyez04KdjFrF+LTRoOXmrOgFKDg4BCdsjW8EnT69eqdYGmRpJwiPVYNrCaW3g=="],

    "es-errors": ["es-errors@1.3.0", "", {}, "sha512-Zf5H2Kxt2xjTvbJvP2ZWLEICxA6j+hAmMzIlypy4xcBg1vKVnx89Wy0GbS+kf5cwCVFFzdCFh2XSCFNULS6csw=="],

    "es-object-atoms": ["es-object-atoms@1.1.2", "", { "dependencies": { "es-errors": "^1.3.0" } }, "sha512-HWcBoN6NileqtSydK2FqHbS/LoDd2pqrnQHLyJzBj4kOp/ky2MWMN694xOfkK8/SnUsW2DH7EfyVlydKCsm1Zw=="],

    "es-set-tostringtag": ["es-set-tostringtag@2.1.0", "", { "dependencies": { "es-errors": "^1.3.0", "get-intrinsic": "^1.2.6", "has-tostringtag": "^1.0.2", "hasown": "^2.0.2" } }, "sha512-j6vWzfrGVfyXxge+O0x5sh6cvxAog0a/4Rdd2K36zCMV5eJ+/+tOAngRO8cODMNWbVRdVlmGZQL2YS3yR8bIUA=="],

    "esbuild": ["esbuild@0.28.0", "", { "optionalDependencies": { "@esbuild/aix-ppc64": "0.28.0", "@esbuild/android-arm": "0.28.0", "@esbuild/android-arm64": "0.28.0", "@esbuild/android-x64": "0.28.0", "@esbuild/darwin-arm64": "0.28.0", "@esbuild/darwin-x64": "0.28.0", "@esbuild/freebsd-arm64": "0.28.0", "@esbuild/freebsd-x64": "0.28.0", "@esbuild/linux-arm": "0.28.0", "@esbuild/linux-arm64": "0.28.0", "@esbuild/linux-ia32": "0.28.0", "@esbuild/linux-loong64": "0.28.0", "@esbuild/linux-mips64el": "0.28.0", "@esbuild/linux-ppc64": "0.28.0", "@esbuild/linux-riscv64": "0.28.0", "@esbuild/linux-s390x": "0.28.0", "@esbuild/linux-x64": "0.28.0", "@esbuild/netbsd-arm64": "0.28.0", "@esbuild/netbsd-x64": "0.28.0", "@esbuild/openbsd-arm64": "0.28.0", "@esbuild/openbsd-x64": "0.28.0", "@esbuild/openharmony-arm64": "0.28.0", "@esbuild/sunos-x64": "0.28.0", "@esbuild/win32-arm64": "0.28.0", "@esbuild/win32-ia32": "0.28.0", "@esbuild/win32-x64": "0.28.0" }, "bin": "bin/esbuild" }, "sha512-sNR9MHpXSUV/XB4zmsFKN+QgVG82Cc7+/aaxJ8Adi8hyOac+EXptIp45QBPaVyX3N70664wRbTcLTOemCAnyqw=="],

    "fd-package-json": ["fd-package-json@2.0.0", "", { "dependencies": { "walk-up-path": "^4.0.0" } }, "sha512-jKmm9YtsNXN789RS/0mSzOC1NUq9mkVd65vbSSVsKdjGvYXBuE4oWe2QOEoFeRmJg+lPuZxpmrfFclNhoRMneQ=="],

    "fdir": ["fdir@6.5.0", "", { "peerDependencies": { "picomatch": "^3 || ^4" }, "optionalPeers": ["picomatch"] }, "sha512-tIbYtZbucOs0BRGqPJkshJUYdL+SDH7dVM8gjy+ERp3WAUjLEFJE+02kanyHtwjWOnwrKYBiwAmM0p4kLJAnXg=="],

    "form-data": ["form-data@4.0.6", "", { "dependencies": { "asynckit": "^0.4.0", "combined-stream": "^1.0.8", "es-set-tostringtag": "^2.1.0", "hasown": "^2.0.4", "mime-types": "^2.1.35" } }, "sha512-vKatAh4SlVfgbv+YtmhiRjhEMJsYpsG1Y2rMQtR+SVSbytsSD1YGzDIcrAJmdFec88u/+VoGmxnl+80gL1tRCQ=="],

    "formatly": ["formatly@0.3.0", "", { "dependencies": { "fd-package-json": "^2.0.0" }, "bin": { "formatly": "bin/index.mjs" } }, "sha512-9XNj/o4wrRFyhSMJOvsuyMwy8aUfBaZ1VrqHVfohyXf0Sw0e+yfKG+xZaY3arGCOMdwFsqObtzVOc1gU9KiT9w=="],

    "fsevents": ["fsevents@2.3.3", "", { "os": "darwin" }, "sha512-5xoDfX+fL7faATnagmWPpbFtwh/R77WmMMqqHGS65C3vvB0YHrgF+B1YmZ3441tMj5n63k0212XNoJwzlhffQw=="],

    "function-bind": ["function-bind@1.1.2", "", {}, "sha512-7XHNxH7qX9xG5mIwxkhumTox/MIRNcOgDrxWsMt2pAr23WHp6MrRlN7FBSFpCpr+oVO0F744iUgR82nJMfG2SA=="],

    "get-intrinsic": ["get-intrinsic@1.3.0", "", { "dependencies": { "call-bind-apply-helpers": "^1.0.2", "es-define-property": "^1.0.1", "es-errors": "^1.3.0", "es-object-atoms": "^1.1.1", "function-bind": "^1.1.2", "get-proto": "^1.0.1", "gopd": "^1.2.0", "has-symbols": "^1.1.0", "hasown": "^2.0.2", "math-intrinsics": "^1.1.0" } }, "sha512-9fSjSaos/fRIVIp+xSJlE6lfwhES7LNtKaCBIamHsjr2na1BiABJPo0mOjjz8GJDURarmCPGqaiVg5mfjb98CQ=="],

    "get-proto": ["get-proto@1.0.1", "", { "dependencies": { "dunder-proto": "^1.0.1", "es-object-atoms": "^1.0.0" } }, "sha512-sTSfBjoXBp89JvIKIefqw7U2CCebsc74kiY6awiGogKtoSGbgjYE/G/+l9sF3MWFPNc9IcoOC4ODfKHfxFmp0g=="],

    "get-tsconfig": ["get-tsconfig@4.14.0", "", { "dependencies": { "resolve-pkg-maps": "^1.0.0" } }, "sha512-yTb+8DXzDREzgvYmh6s9vHsSVCHeC0G3PI5bEXNBHtmshPnO+S5O7qgLEOn0I5QvMy6kpZN8K1NKGyilLb93wA=="],

    "gopd": ["gopd@1.2.0", "", {}, "sha512-ZUKRh6/kUFoAiTAtTYPZJ3hw9wNxx+BIBOijnlG9PnrJsCcSjs1wyyD6vJpaYtgnzDrKYRSqf3OO6Rfa93xsRg=="],

    "has-symbols": ["has-symbols@1.1.0", "", {}, "sha512-1cDNdwJ2Jaohmb3sg4OmKaMBwuC48sYni5HUw2DvsC8LjGTLK9h+eb1X6RyuOHe4hT0ULCW68iomhjUoKUqlPQ=="],

    "has-tostringtag": ["has-tostringtag@1.0.2", "", { "dependencies": { "has-symbols": "^1.0.3" } }, "sha512-NqADB8VjPFLM2V0VvHUewwwsw0ZWBaIdgo+ieHtK3hasLz4qeCRjYcqfB6AQrBggRKppKF8L52/VqdVsO47Dlw=="],

    "hasown": ["hasown@2.0.4", "", { "dependencies": { "function-bind": "^1.1.2" } }, "sha512-T2UbfbBEF32wiepXIsMlTW9+dDYC6wMh/t/vYA4tuOMKqWz/n3vr1NFSxQiyP+zk2mXsoMA/i/7qV6LKut1t1A=="],

    "hono": ["hono@4.12.21", "", {}, "sha512-uV63apnb0kyPtAUwoWgaGh9HyIFcv8lgmzPZSiTBQAFOFGIzka5EZ1dZocmGnn0XdX0+XTqJ6Tqv7selMuGLRQ=="],

    "jiti": ["jiti@2.7.0", "", { "bin": { "jiti": "lib/jiti-cli.mjs" } }, "sha512-AC/7JofJvZGrrneWNaEnJeOLUx+JlGt7tNa0wZiRPT4MY1wmfKjt2+6O2p2uz2+skll8OZZmJMNqeke7kKbNgQ=="],

    "knip": ["knip@6.17.1", "", { "dependencies": { "fdir": "^6.5.0", "formatly": "^0.3.0", "get-tsconfig": "4.14.0", "jiti": "^2.7.0", "oxc-parser": "^0.135.0", "oxc-resolver": "^11.20.0", "picomatch": "^4.0.4", "smol-toml": "^1.6.1", "strip-json-comments": "5.0.3", "tinyglobby": "^0.2.17", "unbash": "^4.0.1", "yaml": "^2.9.0", "zod": "^4.1.11" }, "bin": { "knip": "bin/knip.js", "knip-bun": "bin/knip-bun.js" } }, "sha512-HcQsZSQ4Ymhuay4BVzJtM5pFZNDSomYYqcNCZOSITPQh9g18a09DqziWAxSt2G+BH9wGlG+0ZjWpEnaFlnKseQ=="],

    "math-intrinsics": ["math-intrinsics@1.1.0", "", {}, "sha512-/IXtbwEk5HTPyEwyKX6hGkYXxM9nbj64B+ilVJnC/R6B0pH5G4V3b0pVbL7DBj4tkhBAppbQUlf6F6Xl9LHu1g=="],

    "mime-db": ["mime-db@1.52.0", "", {}, "sha512-sPU4uV7dYlvtWJxwwxHD0PuihVNiE7TyAbQ5SWxDCB9mUYvOgroQOwYQQOKPJ8CIbE+1ETVlOoK1UC2nU3gYvg=="],

    "mime-types": ["mime-types@2.1.35", "", { "dependencies": { "mime-db": "1.52.0" } }, "sha512-ZDY+bPm5zTTF+YpCrAU9nK0UgICYPT0QtT1NZWFv4s++TNkcgVaT0g6+4R2uI4MjQjzysHB1zxuWL50hzaeXiw=="],

    "minipass": ["minipass@7.1.3", "", {}, "sha512-tEBHqDnIoM/1rXME1zgka9g6Q2lcoCkxHLuc7ODJ5BxbP5d4c2Z5cGgtXAku59200Cx7diuHTOYfSBD8n6mm8A=="],

    "minizlib": ["minizlib@3.1.0", "", { "dependencies": { "minipass": "^7.1.2" } }, "sha512-KZxYo1BUkWD2TVFLr0MQoM8vUUigWD3LlD83a/75BqC+4qE0Hb1Vo5v1FgcfaNXvfXzr+5EhQ6ing/CaBijTlw=="],

    "oxc-parser": ["oxc-parser@0.135.0", "", { "dependencies": { "@oxc-project/types": "^0.135.0" }, "optionalDependencies": { "@oxc-parser/binding-android-arm-eabi": "0.135.0", "@oxc-parser/binding-android-arm64": "0.135.0", "@oxc-parser/binding-darwin-arm64": "0.135.0", "@oxc-parser/binding-darwin-x64": "0.135.0", "@oxc-parser/binding-freebsd-x64": "0.135.0", "@oxc-parser/binding-linux-arm-gnueabihf": "0.135.0", "@oxc-parser/binding-linux-arm-musleabihf": "0.135.0", "@oxc-parser/binding-linux-arm64-gnu": "0.135.0", "@oxc-parser/binding-linux-arm64-musl": "0.135.0", "@oxc-parser/binding-linux-ppc64-gnu": "0.135.0", "@oxc-parser/binding-linux-riscv64-gnu": "0.135.0", "@oxc-parser/binding-linux-riscv64-musl": "0.135.0", "@oxc-parser/binding-linux-s390x-gnu": "0.135.0", "@oxc-parser/binding-linux-x64-gnu": "0.135.0", "@oxc-parser/binding-linux-x64-musl": "0.135.0", "@oxc-parser/binding-openharmony-arm64": "0.135.0", "@oxc-parser/binding-wasm32-wasi": "0.135.0", "@oxc-parser/binding-win32-arm64-msvc": "0.135.0", "@oxc-parser/binding-win32-ia32-msvc": "0.135.0", "@oxc-parser/binding-win32-x64-msvc": "0.135.0" } }, "sha512-/DaPStu0s2zzNSRRniKyTPM6Z/o+DapOp2JYNKDL8AsgaBGPK2IdZyB87SQjVH+xeQPz+Qr9mrjglfkYgtbVRA=="],

    "oxc-resolver": ["oxc-resolver@11.20.0", "", { "optionalDependencies": { "@oxc-resolver/binding-android-arm-eabi": "11.20.0", "@oxc-resolver/binding-android-arm64": "11.20.0", "@oxc-resolver/binding-darwin-arm64": "11.20.0", "@oxc-resolver/binding-darwin-x64": "11.20.0", "@oxc-resolver/binding-freebsd-x64": "11.20.0", "@oxc-resolver/binding-linux-arm-gnueabihf": "11.20.0", "@oxc-resolver/binding-linux-arm-musleabihf": "11.20.0", "@oxc-resolver/binding-linux-arm64-gnu": "11.20.0", "@oxc-resolver/binding-linux-arm64-musl": "11.20.0", "@oxc-resolver/binding-linux-ppc64-gnu": "11.20.0", "@oxc-resolver/binding-linux-riscv64-gnu": "11.20.0", "@oxc-resolver/binding-linux-riscv64-musl": "11.20.0", "@oxc-resolver/binding-linux-s390x-gnu": "11.20.0", "@oxc-resolver/binding-linux-x64-gnu": "11.20.0", "@oxc-resolver/binding-linux-x64-musl": "11.20.0", "@oxc-resolver/binding-openharmony-arm64": "11.20.0", "@oxc-resolver/binding-wasm32-wasi": "11.20.0", "@oxc-resolver/binding-win32-arm64-msvc": "11.20.0", "@oxc-resolver/binding-win32-x64-msvc": "11.20.0" } }, "sha512-CblytBiV/a/ZXY34dsVU2NxhIOxMXst8CvDCtyBelVITgd7PLrKzbEbA6oKLdPjvDKDzCiW48qzmzZ+mYaqn+g=="],

    "oxlint": ["oxlint@1.70.0", "", { "optionalDependencies": { "@oxlint/binding-android-arm-eabi": "1.70.0", "@oxlint/binding-android-arm64": "1.70.0", "@oxlint/binding-darwin-arm64": "1.70.0", "@oxlint/binding-darwin-x64": "1.70.0", "@oxlint/binding-freebsd-x64": "1.70.0", "@oxlint/binding-linux-arm-gnueabihf": "1.70.0", "@oxlint/binding-linux-arm-musleabihf": "1.70.0", "@oxlint/binding-linux-arm64-gnu": "1.70.0", "@oxlint/binding-linux-arm64-musl": "1.70.0", "@oxlint/binding-linux-ppc64-gnu": "1.70.0", "@oxlint/binding-linux-riscv64-gnu": "1.70.0", "@oxlint/binding-linux-riscv64-musl": "1.70.0", "@oxlint/binding-linux-s390x-gnu": "1.70.0", "@oxlint/binding-linux-x64-gnu": "1.70.0", "@oxlint/binding-linux-x64-musl": "1.70.0", "@oxlint/binding-openharmony-arm64": "1.70.0", "@oxlint/binding-win32-arm64-msvc": "1.70.0", "@oxlint/binding-win32-ia32-msvc": "1.70.0", "@oxlint/binding-win32-x64-msvc": "1.70.0" }, "peerDependencies": { "oxlint-tsgolint": ">=0.22.1", "vite-plus": "*" }, "optionalPeers": ["oxlint-tsgolint", "vite-plus"], "bin": { "oxlint": "bin/oxlint" } }, "sha512-D6JgHtzkhRwvEC+A0Nw5AEc5bk8x5i1pHzvZIEf/a0C4hOzmAACNGtkDGPyFaxxX3ZVGxCPeig3P3rMM8XU3/g=="],

    "picomatch": ["picomatch@4.0.4", "", {}, "sha512-QP88BAKvMam/3NxH6vj2o21R6MjxZUAd6nlwAS/pnGvN9IVLocLHxGYIzFhg6fUQ+5th6P4dv4eW9jX3DSIj7A=="],

    "playwright": ["playwright@1.60.0", "", { "dependencies": { "playwright-core": "1.60.0" }, "optionalDependencies": { "fsevents": "2.3.2" }, "bin": "cli.js" }, "sha512-hheHdokM8cdqCb0lcE3s+zT4t4W+vvjpGxsZlDnikarzx8tSzMebh3UiFtgqwFwnTnjYQcsyMF8ei2mCO/tpeA=="],

    "playwright-core": ["playwright-core@1.61.0", "", { "bin": { "playwright-core": "cli.js" } }, "sha512-caX7TrY3Ml6egyDX0WUcTHDxodl/b51y5wJOdCEA36QviK/s2g081hvmGs8eaE3DWb6NYZQ6BjO/QkNRPenoPA=="],

    "resolve-pkg-maps": ["resolve-pkg-maps@1.0.0", "", {}, "sha512-seS2Tj26TBVOC2NIc2rOe2y2ZO7efxITtLZcGSOnHHNOQ7CkiUBfw0Iw2ck6xkIhPwLhKNLS8BO+hEpngQlqzw=="],

    "smol-toml": ["smol-toml@1.6.1", "", {}, "sha512-dWUG8F5sIIARXih1DTaQAX4SsiTXhInKf1buxdY9DIg4ZYPZK5nGM1VRIYmEbDbsHt7USo99xSLFu5Q1IqTmsg=="],

    "strip-json-comments": ["strip-json-comments@5.0.3", "", {}, "sha512-1tB5mhVo7U+ETBKNf92xT4hrQa3pm0MZ0PQvuDnWgAAGHDsfp4lPSpiS6psrSiet87wyGPh9ft6wmhOMQ0hDiw=="],

    "tar": ["tar@7.5.15", "", { "dependencies": { "@isaacs/fs-minipass": "^4.0.0", "chownr": "^3.0.0", "minipass": "^7.1.2", "minizlib": "^3.1.0", "yallist": "^5.0.0" } }, "sha512-dzGK0boVlC4W5QFuQN1EFSl3bIDYsk7Tj40U6eIBnK2k/8ml7TZ5agbI5j5+qnoVcAA+rNtBml8SEiLxZpNqRQ=="],

    "tinyglobby": ["tinyglobby@0.2.17", "", { "dependencies": { "fdir": "^6.5.0", "picomatch": "^4.0.4" } }, "sha512-wXR/dYpcqKmfWpEdZjiKJOwCNFndD0DMnrW/cYjVGttEkBfVgcLFHoNrlj47mjOVic9yyNu65alsgF4NQyTa2g=="],

    "tslib": ["tslib@2.8.1", "", {}, "sha512-oJFu94HQb+KVduSUQL7wnpmqnfmLsOA/nAh6b6EH0wCEoK0/mPeXU6c3wKDV83MkOuHPRHtSXKKU99IBazS/2w=="],

    "tsx": ["tsx@4.22.3", "", { "dependencies": { "esbuild": "~0.28.0" }, "optionalDependencies": { "fsevents": "~2.3.3" }, "bin": "dist/cli.mjs" }, "sha512-mdoNxBC/cSQObGGVQ5Bpn5i+yv7j68gk3Nfm3wFjcJg3Z0Mix9jzAFfP12prmm5eVGmDKtp0yyArrs0Q+8gZHg=="],

    "typescript": ["typescript@6.0.3", "", { "bin": { "tsc": "bin/tsc", "tsserver": "bin/tsserver" } }, "sha512-y2TvuxSZPDyQakkFRPZHKFm+KKVqIisdg9/CZwm9ftvKXLP8NRWj38/ODjNbr43SsoXqNuAisEf1GdCxqWcdBw=="],

    "unbash": ["unbash@4.0.1", "", {}, "sha512-1ajSo3813sDoVIHx4inJdUS4l5L2ic5cFiddemPiyjb/PZEoBAhFwHtbaEdRDFxbAKy7FCG7s5ww3/uCFawuIA=="],

    "undici-types": ["undici-types@7.24.6", "", {}, "sha512-WRNW+sJgj5OBN4/0JpHFqtqzhpbnV0GuB+OozA9gCL7a993SmU+1JBZCzLNxYsbMfIeDL+lTsphD5jN5N+n0zg=="],

    "walk-up-path": ["walk-up-path@4.0.0", "", {}, "sha512-3hu+tD8YzSLGuFYtPRb48vdhKMi0KQV5sn+uWr8+7dMEq/2G/dtLrdDinkLjqq5TIbIBjYJ4Ax/n3YiaW7QM8A=="],

    "ws": ["ws@8.21.0", "", { "peerDependencies": { "bufferutil": "^4.0.1", "utf-8-validate": ">=5.0.2" }, "optionalPeers": ["bufferutil", "utf-8-validate"] }, "sha512-Vsp28b7DRcimFQvrqu2Wek3z1iYxDCWqHYB8Qsnk/S4RfaCQzPGPyBNuVjJV3cd6UiKtUtp6sNM77gWvzcCH+g=="],

    "yallist": ["yallist@5.0.0", "", {}, "sha512-YgvUTfwqyc7UXVMrB+SImsVYSmTS8X/tSrtdNZMImM+n7+QTriRXyXim0mBrTXNeqzVF0KWGgHPeiyViFFrNDw=="],

    "yaml": ["yaml@2.9.0", "", { "bin": { "yaml": "bin.mjs" } }, "sha512-2AvhNX3mb8zd6Zy7INTtSpl1F15HW6Wnqj0srWlkKLcpYl/gMIMJiyuGq2KeI2YFxUPjdlB+3Lc10seMLtL4cA=="],

    "zod": ["zod@4.4.3", "", {}, "sha512-ytENFjIJFl2UwYglde2jchW2Hwm4GJFLDiSXWdTrJQBIN9Fcyp7n4DhxJEiWNAJMV1/BqWfW/kkg71UDcHJyTQ=="],

    "cycletls/@types/node": ["@types/node@20.19.43", "", { "dependencies": { "undici-types": "~6.21.0" } }, "sha512-6oYBAi5ikg4Pl+kGsoYtawUMBT2zZMCvPNF7pVLnHZfd1zf38DRiWn/gT01RYCdUqkv7Fhr+C9ot4/tb+2sVvA=="],

    "playwright/fsevents": ["fsevents@2.3.2", "", { "os": "darwin" }, "sha512-xiqMQR4xAeHTuB9uWm+fFRcIOgKBMiOBP+eXiyT7jsgVCq1bkVygt00oASowB7EdtpOHaaPgKt812P9ab+DDKA=="],

    "playwright/playwright-core": ["playwright-core@1.60.0", "", { "bin": "cli.js" }, "sha512-9bW6zvX/m0lEbgTKJ6YppOKx8H3VOPBMOCFh2irXFOT4BbHgrx5hPjwJYLT40Lu+4qtD36qKc/Hn56StUW57IA=="],

    "cycletls/@types/node/undici-types": ["undici-types@6.21.0", "", {}, "sha512-iwDZqg0QAGrg9Rav5H4n0M64c3mkR59cJ6wQp+7C4nI0gsmExaedaYLNO44eT4AtBBwjbTiGPMlt2Md0T9H9JQ=="],
  }
}
